
Microsoft Visual Studio Solution File, Format Version 12.00
# Visual Studio Version 17
VisualStudioVersion = 17.2.32526.322
MinimumVisualStudioVersion = 10.0.40219.1
Project("{FAE04EC0-301F-11D3-BF4B-00C04F79EFBC}") = "Diagrama de Classe", "Diagrama de Classe\Diagrama de Classe.csproj", "{CACBBF3A-9BD8-426B-8232-93A594919551}"
EndProject
Global
	GlobalSection(SolutionConfigurationPlatforms) = preSolution
		Debug|Any CPU = Debug|Any CPU
		Release|Any CPU = Release|Any CPU
	EndGlobalSection
	GlobalSection(ProjectConfigurationPlatforms) = postSolution
		{CACBBF3A-9BD8-426B-8232-93A594919551}.Debug|Any CPU.ActiveCfg = Debug|Any CPU
		{CACBBF3A-9BD8-426B-8232-93A594919551}.Debug|Any CPU.Build.0 = Debug|Any CPU
		{CACBBF3A-9BD8-426B-8232-93A594919551}.Release|Any CPU.ActiveCfg = Release|Any CPU
		{CACBBF3A-9BD8-426B-8232-93A594919551}.Release|Any CPU.Build.0 = Release|Any CPU
	EndGlobalSection
	GlobalSection(SolutionProperties) = preSolution
		HideSolutionNode = FALSE
	EndGlobalSection
	GlobalSection(ExtensibilityGlobals) = postSolution
		SolutionGuid = {6F22E88B-90E8-406A-BAC8-F35995E1B043}
	EndGlobalSection
EndGlobal
